
Microsoft Visual Studio Solution File, Format Version 12.00
# Visual Studio Version 16
VisualStudioVersion = 16.0.30225.117
MinimumVisualStudioVersion = 10.0.40219.1
Project("{2150E333-8FDC-42A3-9474-1A3956D46DE8}") = "src", "src", "{D386FE05-6234-4F87-AF9B-6AA4B744CD62}"
EndProject
Project("{2150E333-8FDC-42A3-9474-1A3956D46DE8}") = "IdentityServer4", "IdentityServer4", "{C6FF9648-78C9-4765-8032-68797DE39C63}"
EndProject
Project("{9A19103F-16F7-4668-BE54-9A1E7A4F7556}") = "Identity.Infrastructure", "src\IdentityServer4\Identity.Infrastructure\Identity.Infrastructure.csproj", "{7BD6778F-E427-466E-9803-DC0367724B5D}"
EndProject
Project("{9A19103F-16F7-4668-BE54-9A1E7A4F7556}") = "Identity.Server", "src\IdentityServer4\Identity.Server\Identity.Server.csproj", "{BA69A1CD-3E38-408B-9598-4B4FC548FF7E}"
EndProject
Project("{2150E333-8FDC-42A3-9474-1A3956D46DE8}") = "ApiGateway", "ApiGateway", "{41677FAE-1C65-44D6-919E-BB255E208AA3}"
EndProject
Project("{9A19103F-16F7-4668-BE54-9A1E7A4F7556}") = "OcelotGateway", "src\ApiGateway\OcelotGateway\OcelotGateway.csproj", "{B4ED39DC-0F6A-4076-B63D-D8BF7281A33E}"
EndProject
Project("{2150E333-8FDC-42A3-9474-1A3956D46DE8}") = "Services", "Services", "{60FD501C-3021-4776-AEB0-C46C5C571AF9}"
EndProject
Project("{9A19103F-16F7-4668-BE54-9A1E7A4F7556}") = "API", "src\Services\API\API.csproj", "{0FF2DF10-6A6C-40BD-8BFB-B5E7DAFB469E}"
EndProject
Project("{9A19103F-16F7-4668-BE54-9A1E7A4F7556}") = "Data.EntityFramework", "src\Services\Data.EntityFramework\Data.EntityFramework.csproj", "{9B9D02F3-994D-4560-AB35-BFE52B94D2ED}"
EndProject
Project("{9A19103F-16F7-4668-BE54-9A1E7A4F7556}") = "Domain", "src\Services\Domain\Domain.csproj", "{24317398-5765-4EE9-9EBD-6DC0EF4EC7D5}"
EndProject
Project("{9A19103F-16F7-4668-BE54-9A1E7A4F7556}") = "Dto", "src\Services\Dto\Dto.csproj", "{40ACF55D-A501-4AC9-83AA-C07F62B25E58}"
EndProject
Project("{9A19103F-16F7-4668-BE54-9A1E7A4F7556}") = "Infrastructure", "src\Services\Infrastructure\Infrastructure.csproj", "{9C4472DA-DD18-44C6-B8F2-CF2C93B077BD}"
EndProject
Project("{9A19103F-16F7-4668-BE54-9A1E7A4F7556}") = "Service", "src\Services\Service\Service.csproj", "{F6FDD189-C458-4B2C-A9C0-2951EE5BF05E}"
EndProject
Project("{2150E333-8FDC-42A3-9474-1A3956D46DE8}") = "Shared", "Shared", "{553B685C-2082-46AD-A3F4-2FBB1871C6AE}"
EndProject
Project("{9A19103F-16F7-4668-BE54-9A1E7A4F7556}") = "Common", "src\Shared\Common\Common.csproj", "{3B4FE390-EE35-4A51-89CA-D95FE5776865}"
EndProject
Project("{FAE04EC0-301F-11D3-BF4B-00C04F79EFBC}") = "Localization", "src\Shared\Localization\Localization.csproj", "{E43008E0-C972-40B1-88C2-366820A87D9C}"
EndProject
Global
	GlobalSection(SolutionConfigurationPlatforms) = preSolution
		Debug|Any CPU = Debug|Any CPU
		Release|Any CPU = Release|Any CPU
	EndGlobalSection
	GlobalSection(ProjectConfigurationPlatforms) = postSolution
		{7BD6778F-E427-466E-9803-DC0367724B5D}.Debug|Any CPU.ActiveCfg = Debug|Any CPU
		{7BD6778F-E427-466E-9803-DC0367724B5D}.Debug|Any CPU.Build.0 = Debug|Any CPU
		{7BD6778F-E427-466E-9803-DC0367724B5D}.Release|Any CPU.ActiveCfg = Release|Any CPU
		{7BD6778F-E427-466E-9803-DC0367724B5D}.Release|Any CPU.Build.0 = Release|Any CPU
		{BA69A1CD-3E38-408B-9598-4B4FC548FF7E}.Debug|Any CPU.ActiveCfg = Debug|Any CPU
		{BA69A1CD-3E38-408B-9598-4B4FC548FF7E}.Debug|Any CPU.Build.0 = Debug|Any CPU
		{BA69A1CD-3E38-408B-9598-4B4FC548FF7E}.Release|Any CPU.ActiveCfg = Release|Any CPU
		{BA69A1CD-3E38-408B-9598-4B4FC548FF7E}.Release|Any CPU.Build.0 = Release|Any CPU
		{B4ED39DC-0F6A-4076-B63D-D8BF7281A33E}.Debug|Any CPU.ActiveCfg = Debug|Any CPU
		{B4ED39DC-0F6A-4076-B63D-D8BF7281A33E}.Debug|Any CPU.Build.0 = Debug|Any CPU
		{B4ED39DC-0F6A-4076-B63D-D8BF7281A33E}.Release|Any CPU.ActiveCfg = Release|Any CPU
		{B4ED39DC-0F6A-4076-B63D-D8BF7281A33E}.Release|Any CPU.Build.0 = Release|Any CPU
		{0FF2DF10-6A6C-40BD-8BFB-B5E7DAFB469E}.Debug|Any CPU.ActiveCfg = Debug|Any CPU
		{0FF2DF10-6A6C-40BD-8BFB-B5E7DAFB469E}.Debug|Any CPU.Build.0 = Debug|Any CPU
		{0FF2DF10-6A6C-40BD-8BFB-B5E7DAFB469E}.Release|Any CPU.ActiveCfg = Release|Any CPU
		{0FF2DF10-6A6C-40BD-8BFB-B5E7DAFB469E}.Release|Any CPU.Build.0 = Release|Any CPU
		{9B9D02F3-994D-4560-AB35-BFE52B94D2ED}.Debug|Any CPU.ActiveCfg = Debug|Any CPU
		{9B9D02F3-994D-4560-AB35-BFE52B94D2ED}.Debug|Any CPU.Build.0 = Debug|Any CPU
		{9B9D02F3-994D-4560-AB35-BFE52B94D2ED}.Release|Any CPU.ActiveCfg = Release|Any CPU
		{9B9D02F3-994D-4560-AB35-BFE52B94D2ED}.Release|Any CPU.Build.0 = Release|Any CPU
		{24317398-5765-4EE9-9EBD-6DC0EF4EC7D5}.Debug|Any CPU.ActiveCfg = Debug|Any CPU
		{24317398-5765-4EE9-9EBD-6DC0EF4EC7D5}.Debug|Any CPU.Build.0 = Debug|Any CPU
		{24317398-5765-4EE9-9EBD-6DC0EF4EC7D5}.Release|Any CPU.ActiveCfg = Release|Any CPU
		{24317398-5765-4EE9-9EBD-6DC0EF4EC7D5}.Release|Any CPU.Build.0 = Release|Any CPU
		{40ACF55D-A501-4AC9-83AA-C07F62B25E58}.Debug|Any CPU.ActiveCfg = Debug|Any CPU
		{40ACF55D-A501-4AC9-83AA-C07F62B25E58}.Debug|Any CPU.Build.0 = Debug|Any CPU
		{40ACF55D-A501-4AC9-83AA-C07F62B25E58}.Release|Any CPU.ActiveCfg = Release|Any CPU
		{40ACF55D-A501-4AC9-83AA-C07F62B25E58}.Release|Any CPU.Build.0 = Release|Any CPU
		{9C4472DA-DD18-44C6-B8F2-CF2C93B077BD}.Debug|Any CPU.ActiveCfg = Debug|Any CPU
		{9C4472DA-DD18-44C6-B8F2-CF2C93B077BD}.Debug|Any CPU.Build.0 = Debug|Any CPU
		{9C4472DA-DD18-44C6-B8F2-CF2C93B077BD}.Release|Any CPU.ActiveCfg = Release|Any CPU
		{9C4472DA-DD18-44C6-B8F2-CF2C93B077BD}.Release|Any CPU.Build.0 = Release|Any CPU
		{F6FDD189-C458-4B2C-A9C0-2951EE5BF05E}.Debug|Any CPU.ActiveCfg = Debug|Any CPU
		{F6FDD189-C458-4B2C-A9C0-2951EE5BF05E}.Debug|Any CPU.Build.0 = Debug|Any CPU
		{F6FDD189-C458-4B2C-A9C0-2951EE5BF05E}.Release|Any CPU.ActiveCfg = Release|Any CPU
		{F6FDD189-C458-4B2C-A9C0-2951EE5BF05E}.Release|Any CPU.Build.0 = Release|Any CPU
		{3B4FE390-EE35-4A51-89CA-D95FE5776865}.Debug|Any CPU.ActiveCfg = Debug|Any CPU
		{3B4FE390-EE35-4A51-89CA-D95FE5776865}.Debug|Any CPU.Build.0 = Debug|Any CPU
		{3B4FE390-EE35-4A51-89CA-D95FE5776865}.Release|Any CPU.ActiveCfg = Release|Any CPU
		{3B4FE390-EE35-4A51-89CA-D95FE5776865}.Release|Any CPU.Build.0 = Release|Any CPU
		{E43008E0-C972-40B1-88C2-366820A87D9C}.Debug|Any CPU.ActiveCfg = Debug|Any CPU
		{E43008E0-C972-40B1-88C2-366820A87D9C}.Debug|Any CPU.Build.0 = Debug|Any CPU
		{E43008E0-C972-40B1-88C2-366820A87D9C}.Release|Any CPU.ActiveCfg = Release|Any CPU
		{E43008E0-C972-40B1-88C2-366820A87D9C}.Release|Any CPU.Build.0 = Release|Any CPU
	EndGlobalSection
	GlobalSection(SolutionProperties) = preSolution
		HideSolutionNode = FALSE
	EndGlobalSection
	GlobalSection(NestedProjects) = preSolution
		{C6FF9648-78C9-4765-8032-68797DE39C63} = {D386FE05-6234-4F87-AF9B-6AA4B744CD62}
		{7BD6778F-E427-466E-9803-DC0367724B5D} = {C6FF9648-78C9-4765-8032-68797DE39C63}
		{BA69A1CD-3E38-408B-9598-4B4FC548FF7E} = {C6FF9648-78C9-4765-8032-68797DE39C63}
		{41677FAE-1C65-44D6-919E-BB255E208AA3} = {D386FE05-6234-4F87-AF9B-6AA4B744CD62}
		{B4ED39DC-0F6A-4076-B63D-D8BF7281A33E} = {41677FAE-1C65-44D6-919E-BB255E208AA3}
		{60FD501C-3021-4776-AEB0-C46C5C571AF9} = {D386FE05-6234-4F87-AF9B-6AA4B744CD62}
		{0FF2DF10-6A6C-40BD-8BFB-B5E7DAFB469E} = {60FD501C-3021-4776-AEB0-C46C5C571AF9}
		{9B9D02F3-994D-4560-AB35-BFE52B94D2ED} = {60FD501C-3021-4776-AEB0-C46C5C571AF9}
		{24317398-5765-4EE9-9EBD-6DC0EF4EC7D5} = {60FD501C-3021-4776-AEB0-C46C5C571AF9}
		{40ACF55D-A501-4AC9-83AA-C07F62B25E58} = {60FD501C-3021-4776-AEB0-C46C5C571AF9}
		{9C4472DA-DD18-44C6-B8F2-CF2C93B077BD} = {60FD501C-3021-4776-AEB0-C46C5C571AF9}
		{F6FDD189-C458-4B2C-A9C0-2951EE5BF05E} = {60FD501C-3021-4776-AEB0-C46C5C571AF9}
		{553B685C-2082-46AD-A3F4-2FBB1871C6AE} = {D386FE05-6234-4F87-AF9B-6AA4B744CD62}
		{3B4FE390-EE35-4A51-89CA-D95FE5776865} = {553B685C-2082-46AD-A3F4-2FBB1871C6AE}
		{E43008E0-C972-40B1-88C2-366820A87D9C} = {553B685C-2082-46AD-A3F4-2FBB1871C6AE}
	EndGlobalSection
	GlobalSection(ExtensibilityGlobals) = postSolution
		SolutionGuid = {A6471D81-55B5-4B69-B597-79594FBD67D7}
	EndGlobalSection
EndGlobal
